// !$*UTF8*$!
{
	archiveVersion = 1;
	classes = {
	};
	objectVersion = 48;
	objects = {

/* Begin PBXBuildFile section */
		F30286E51FB144E100F8B2ED /* ActivityIndicatorFactory.m in Sources */ = {isa = PBXBuildFile; fileRef = F30286E41FB144E100F8B2ED /* ActivityIndicatorFactory.m */; };
		F312FAA91FAD356300CE033F /* AppDelegate.m in Sources */ = {isa = PBXBuildFile; fileRef = F312FAA81FAD356300CE033F /* AppDelegate.m */; };
		F312FAAC1FAD356300CE033F /* MainViewController.m in Sources */ = {isa = PBXBuildFile; fileRef = F312FAAB1FAD356300CE033F /* MainViewController.m */; };
		F312FAAF1FAD356300CE033F /* Main.storyboard in Resources */ = {isa = PBXBuildFile; fileRef = F312FAAD1FAD356300CE033F /* Main.storyboard */; };
		F312FAB11FAD356300CE033F /* Assets.xcassets in Resources */ = {isa = PBXBuildFile; fileRef = F312FAB01FAD356300CE033F /* Assets.xcassets */; };
		F312FAB41FAD356300CE033F /* LaunchScreen.storyboard in Resources */ = {isa = PBXBuildFile; fileRef = F312FAB21FAD356300CE033F /* LaunchScreen.storyboard */; };
		F312FAB71FAD356300CE033F /* main.m in Sources */ = {isa = PBXBuildFile; fileRef = F312FAB61FAD356300CE033F /* main.m */; };
		F312FAC11FAD356400CE033F /* PersonalCapitalRSSFeedTests.m in Sources */ = {isa = PBXBuildFile; fileRef = F312FAC01FAD356400CE033F /* PersonalCapitalRSSFeedTests.m */; };
		F312FACC1FAD356400CE033F /* PersonalCapitalRSSFeedUITests.m in Sources */ = {isa = PBXBuildFile; fileRef = F312FACB1FAD356400CE033F /* PersonalCapitalRSSFeedUITests.m */; };
		F312FADB1FAD361C00CE033F /* RSSFeedDataManager.m in Sources */ = {isa = PBXBuildFile; fileRef = F312FADA1FAD361C00CE033F /* RSSFeedDataManager.m */; };
		F312FADE1FAD36E500CE033F /* Article.m in Sources */ = {isa = PBXBuildFile; fileRef = F312FADD1FAD36E500CE033F /* Article.m */; };
		F312FAE11FAD4EE100CE033F /* ArticleCollectionViewCell.m in Sources */ = {isa = PBXBuildFile; fileRef = F312FAE01FAD4EE100CE033F /* ArticleCollectionViewCell.m */; };
		F312FAE41FAE375000CE033F /* ArticleDetailsViewController.m in Sources */ = {isa = PBXBuildFile; fileRef = F312FAE31FAE375000CE033F /* ArticleDetailsViewController.m */; };
		F3EE879E1FB25D160082D4AB /* Localizable.strings in Resources */ = {isa = PBXBuildFile; fileRef = F3EE879D1FB25D160082D4AB /* Localizable.strings */; };
/* End PBXBuildFile section */

/* Begin PBXContainerItemProxy section */
		F312FABD1FAD356400CE033F /* PBXContainerItemProxy */ = {
			isa = PBXContainerItemProxy;
			containerPortal = F312FA9C1FAD356300CE033F /* Project object */;
			proxyType = 1;
			remoteGlobalIDString = F312FAA31FAD356300CE033F;
			remoteInfo = PersonalCapitalRSSFeed;
		};
		F312FAC81FAD356400CE033F /* PBXContainerItemProxy */ = {
			isa = PBXContainerItemProxy;
			containerPortal = F312FA9C1FAD356300CE033F /* Project object */;
			proxyType = 1;
			remoteGlobalIDString = F312FAA31FAD356300CE033F;
			remoteInfo = PersonalCapitalRSSFeed;
		};
/* End PBXContainerItemProxy section */

/* Begin PBXFileReference section */
		F30286E31FB144E100F8B2ED /* ActivityIndicatorFactory.h */ = {isa = PBXFileReference; lastKnownFileType = sourcecode.c.h; path = ActivityIndicatorFactory.h; sourceTree = "<group>"; };
		F30286E41FB144E100F8B2ED /* ActivityIndicatorFactory.m */ = {isa = PBXFileReference; lastKnownFileType = sourcecode.c.objc; path = ActivityIndicatorFactory.m; sourceTree = "<group>"; };
		F312FAA41FAD356300CE033F /* PersonalCapitalRSSFeed.app */ = {isa = PBXFileReference; explicitFileType = wrapper.application; includeInIndex = 0; path = PersonalCapitalRSSFeed.app; sourceTree = BUILT_PRODUCTS_DIR; };
		F312FAA71FAD356300CE033F /* AppDelegate.h */ = {isa = PBXFileReference; lastKnownFileType = sourcecode.c.h; path = AppDelegate.h; sourceTree = "<group>"; };
		F312FAA81FAD356300CE033F /* AppDelegate.m */ = {isa = PBXFileReference; lastKnownFileType = sourcecode.c.objc; path = AppDelegate.m; sourceTree = "<group>"; };
		F312FAAA1FAD356300CE033F /* MainViewController.h */ = {isa = PBXFileReference; lastKnownFileType = sourcecode.c.h; path = MainViewController.h; sourceTree = "<group>"; };
		F312FAAB1FAD356300CE033F /* MainViewController.m */ = {isa = PBXFileReference; lastKnownFileType = sourcecode.c.objc; path = MainViewController.m; sourceTree = "<group>"; };
		F312FAAE1FAD356300CE033F /* Base */ = {isa = PBXFileReference; lastKnownFileType = file.storyboard; name = Base; path = Base.lproj/Main.storyboard; sourceTree = "<group>"; };
		F312FAB01FAD356300CE033F /* Assets.xcassets */ = {isa = PBXFileReference; lastKnownFileType = folder.assetcatalog; path = Assets.xcassets; sourceTree = "<group>"; };
		F312FAB31FAD356300CE033F /* Base */ = {isa = PBXFileReference; lastKnownFileType = file.storyboard; name = Base; path = Base.lproj/LaunchScreen.storyboard; sourceTree = "<group>"; };
		F312FAB51FAD356300CE033F /* Info.plist */ = {isa = PBXFileReference; lastKnownFileType = text.plist.xml; path = Info.plist; sourceTree = "<group>"; };
		F312FAB61FAD356300CE033F /* main.m */ = {isa = PBXFileReference; lastKnownFileType = sourcecode.c.objc; path = main.m; sourceTree = "<group>"; };
		F312FABC1FAD356400CE033F /* PersonalCapitalRSSFeedTests.xctest */ = {isa = PBXFileReference; explicitFileType = wrapper.cfbundle; includeInIndex = 0; path = PersonalCapitalRSSFeedTests.xctest; sourceTree = BUILT_PRODUCTS_DIR; };
		F312FAC01FAD356400CE033F /* PersonalCapitalRSSFeedTests.m */ = {isa = PBXFileReference; lastKnownFileType = sourcecode.c.objc; path = PersonalCapitalRSSFeedTests.m; sourceTree = "<group>"; };
		F312FAC21FAD356400CE033F /* Info.plist */ = {isa = PBXFileReference; lastKnownFileType = text.plist.xml; path = Info.plist; sourceTree = "<group>"; };
		F312FAC71FAD356400CE033F /* PersonalCapitalRSSFeedUITests.xctest */ = {isa = PBXFileReference; explicitFileType = wrapper.cfbundle; includeInIndex = 0; path = PersonalCapitalRSSFeedUITests.xctest; sourceTree = BUILT_PRODUCTS_DIR; };
		F312FACB1FAD356400CE033F /* PersonalCapitalRSSFeedUITests.m */ = {isa = PBXFileReference; lastKnownFileType = sourcecode.c.objc; path = PersonalCapitalRSSFeedUITests.m; sourceTree = "<group>"; };
		F312FACD1FAD356400CE033F /* Info.plist */ = {isa = PBXFileReference; lastKnownFileType = text.plist.xml; path = Info.plist; sourceTree = "<group>"; };
		F312FAD91FAD361C00CE033F /* RSSFeedDataManager.h */ = {isa = PBXFileReference; lastKnownFileType = sourcecode.c.h; path = RSSFeedDataManager.h; sourceTree = "<group>"; };
		F312FADA1FAD361C00CE033F /* RSSFeedDataManager.m */ = {isa = PBXFileReference; lastKnownFileType = sourcecode.c.objc; path = RSSFeedDataManager.m; sourceTree = "<group>"; };
		F312FADC1FAD36E500CE033F /* Article.h */ = {isa = PBXFileReference; lastKnownFileType = sourcecode.c.h; path = Article.h; sourceTree = "<group>"; };
		F312FADD1FAD36E500CE033F /* Article.m */ = {isa = PBXFileReference; lastKnownFileType = sourcecode.c.objc; path = Article.m; sourceTree = "<group>"; };
		F312FADF1FAD4EE100CE033F /* ArticleCollectionViewCell.h */ = {isa = PBXFileReference; lastKnownFileType = sourcecode.c.h; path = ArticleCollectionViewCell.h; sourceTree = "<group>"; };
		F312FAE01FAD4EE100CE033F /* ArticleCollectionViewCell.m */ = {isa = PBXFileReference; lastKnownFileType = sourcecode.c.objc; path = ArticleCollectionViewCell.m; sourceTree = "<group>"; };
		F312FAE21FAE375000CE033F /* ArticleDetailsViewController.h */ = {isa = PBXFileReference; lastKnownFileType = sourcecode.c.h; path = ArticleDetailsViewController.h; sourceTree = "<group>"; };
		F312FAE31FAE375000CE033F /* ArticleDetailsViewController.m */ = {isa = PBXFileReference; lastKnownFileType = sourcecode.c.objc; path = ArticleDetailsViewController.m; sourceTree = "<group>"; };
		F3EE879D1FB25D160082D4AB /* Localizable.strings */ = {isa = PBXFileReference; lastKnownFileType = text.plist.strings; path = Localizable.strings; sourceTree = "<group>"; };
/* End PBXFileReference section */

/* Begin PBXFrameworksBuildPhase section */
		F312FAA11FAD356300CE033F /* Frameworks */ = {
			isa = PBXFrameworksBuildPhase;
			buildActionMask = 2147483647;
			files = (
			);
			runOnlyForDeploymentPostprocessing = 0;
		};
		F312FAB91FAD356400CE033F /* Frameworks */ = {
			isa = PBXFrameworksBuildPhase;
			buildActionMask = 2147483647;
			files = (
			);
			runOnlyForDeploymentPostprocessing = 0;
		};
		F312FAC41FAD356400CE033F /* Frameworks */ = {
			isa = PBXFrameworksBuildPhase;
			buildActionMask = 2147483647;
			files = (
			);
			runOnlyForDeploymentPostprocessing = 0;
		};
/* End PBXFrameworksBuildPhase section */

/* Begin PBXGroup section */
		F312FA9B1FAD356300CE033F = {
			isa = PBXGroup;
			children = (
				F312FAA61FAD356300CE033F /* PersonalCapitalRSSFeed */,
				F312FABF1FAD356400CE033F /* PersonalCapitalRSSFeedTests */,
				F312FACA1FAD356400CE033F /* PersonalCapitalRSSFeedUITests */,
				F312FAA51FAD356300CE033F /* Products */,
			);
			sourceTree = "<group>";
		};
		F312FAA51FAD356300CE033F /* Products */ = {
			isa = PBXGroup;
			children = (
				F312FAA41FAD356300CE033F /* PersonalCapitalRSSFeed.app */,
				F312FABC1FAD356400CE033F /* PersonalCapitalRSSFeedTests.xctest */,
				F312FAC71FAD356400CE033F /* PersonalCapitalRSSFeedUITests.xctest */,
			);
			name = Products;
			sourceTree = "<group>";
		};
		F312FAA61FAD356300CE033F /* PersonalCapitalRSSFeed */ = {
			isa = PBXGroup;
			children = (
				F3EE879C1FB25C760082D4AB /* Resources */,
				F312FAE71FAF615B00CE033F /* DataManagers */,
				F312FAE61FAF614200CE033F /* Models */,
				F312FAE51FAF612900CE033F /* View Controllers */,
			);
			path = PersonalCapitalRSSFeed;
			sourceTree = "<group>";
		};
		F312FABF1FAD356400CE033F /* PersonalCapitalRSSFeedTests */ = {
			isa = PBXGroup;
			children = (
				F312FAC01FAD356400CE033F /* PersonalCapitalRSSFeedTests.m */,
				F312FAC21FAD356400CE033F /* Info.plist */,
			);
			path = PersonalCapitalRSSFeedTests;
			sourceTree = "<group>";
		};
		F312FACA1FAD356400CE033F /* PersonalCapitalRSSFeedUITests */ = {
			isa = PBXGroup;
			children = (
				F312FACB1FAD356400CE033F /* PersonalCapitalRSSFeedUITests.m */,
				F312FACD1FAD356400CE033F /* Info.plist */,
			);
			path = PersonalCapitalRSSFeedUITests;
			sourceTree = "<group>";
		};
		F312FAE51FAF612900CE033F /* View Controllers */ = {
			isa = PBXGroup;
			children = (
				F312FAA71FAD356300CE033F /* AppDelegate.h */,
				F312FAA81FAD356300CE033F /* AppDelegate.m */,
				F312FAAA1FAD356300CE033F /* MainViewController.h */,
				F312FAAB1FAD356300CE033F /* MainViewController.m */,
				F312FAE21FAE375000CE033F /* ArticleDetailsViewController.h */,
				F312FAE31FAE375000CE033F /* ArticleDetailsViewController.m */,
				F312FADF1FAD4EE100CE033F /* ArticleCollectionViewCell.h */,
				F312FAE01FAD4EE100CE033F /* ArticleCollectionViewCell.m */,
				F30286E31FB144E100F8B2ED /* ActivityIndicatorFactory.h */,
				F30286E41FB144E100F8B2ED /* ActivityIndicatorFactory.m */,
			);
			path = "View Controllers";
			sourceTree = "<group>";
		};
		F312FAE61FAF614200CE033F /* Models */ = {
			isa = PBXGroup;
			children = (
				F312FADC1FAD36E500CE033F /* Article.h */,
				F312FADD1FAD36E500CE033F /* Article.m */,
			);
			path = Models;
			sourceTree = "<group>";
		};
		F312FAE71FAF615B00CE033F /* DataManagers */ = {
			isa = PBXGroup;
			children = (
				F312FAD91FAD361C00CE033F /* RSSFeedDataManager.h */,
				F312FADA1FAD361C00CE033F /* RSSFeedDataManager.m */,
			);
			path = DataManagers;
			sourceTree = "<group>";
		};
		F3EE879C1FB25C760082D4AB /* Resources */ = {
			isa = PBXGroup;
			children = (
				F312FAAD1FAD356300CE033F /* Main.storyboard */,
				F312FAB01FAD356300CE033F /* Assets.xcassets */,
				F312FAB21FAD356300CE033F /* LaunchScreen.storyboard */,
				F312FAB51FAD356300CE033F /* Info.plist */,
				F312FAB61FAD356300CE033F /* main.m */,
				F3EE879D1FB25D160082D4AB /* Localizable.strings */,
			);
			path = Resources;
			sourceTree = "<group>";
		};
/* End PBXGroup section */

/* Begin PBXNativeTarget section */
		F312FAA31FAD356300CE033F /* PersonalCapitalRSSFeed */ = {
			isa = PBXNativeTarget;
			buildConfigurationList = F312FAD01FAD356400CE033F /* Build configuration list for PBXNativeTarget "PersonalCapitalRSSFeed" */;
			buildPhases = (
				F312FAA01FAD356300CE033F /* Sources */,
				F312FAA11FAD356300CE033F /* Frameworks */,
				F312FAA21FAD356300CE033F /* Resources */,
			);
			buildRules = (
			);
			dependencies = (
			);
			name = PersonalCapitalRSSFeed;
			productName = PersonalCapitalRSSFeed;
			productReference = F312FAA41FAD356300CE033F /* PersonalCapitalRSSFeed.app */;
			productType = "com.apple.product-type.application";
		};
		F312FABB1FAD356400CE033F /* PersonalCapitalRSSFeedTests */ = {
			isa = PBXNativeTarget;
			buildConfigurationList = F312FAD31FAD356400CE033F /* Build configuration list for PBXNativeTarget "PersonalCapitalRSSFeedTests" */;
			buildPhases = (
				F312FAB81FAD356400CE033F /* Sources */,
				F312FAB91FAD356400CE033F /* Frameworks */,
				F312FABA1FAD356400CE033F /* Resources */,
			);
			buildRules = (
			);
			dependencies = (
				F312FABE1FAD356400CE033F /* PBXTargetDependency */,
			);
			name = PersonalCapitalRSSFeedTests;
			productName = PersonalCapitalRSSFeedTests;
			productReference = F312FABC1FAD356400CE033F /* PersonalCapitalRSSFeedTests.xctest */;
			productType = "com.apple.product-type.bundle.unit-test";
		};
		F312FAC61FAD356400CE033F /* PersonalCapitalRSSFeedUITests */ = {
			isa = PBXNativeTarget;
			buildConfigurationList = F312FAD61FAD356400CE033F /* Build configuration list for PBXNativeTarget "PersonalCapitalRSSFeedUITests" */;
			buildPhases = (
				F312FAC31FAD356400CE033F /* Sources */,
				F312FAC41FAD356400CE033F /* Frameworks */,
				F312FAC51FAD356400CE033F /* Resources */,
			);
			buildRules = (
			);
			dependencies = (
				F312FAC91FAD356400CE033F /* PBXTargetDependency */,
			);
			name = PersonalCapitalRSSFeedUITests;
			productName = PersonalCapitalRSSFeedUITests;
			productReference = F312FAC71FAD356400CE033F /* PersonalCapitalRSSFeedUITests.xctest */;
			productType = "com.apple.product-type.bundle.ui-testing";
		};
/* End PBXNativeTarget section */

/* Begin PBXProject section */
		F312FA9C1FAD356300CE033F /* Project object */ = {
			isa = PBXProject;
			attributes = {
				LastUpgradeCheck = 0900;
				ORGANIZATIONNAME = "Shishira Ramesh";
				TargetAttributes = {
					F312FAA31FAD356300CE033F = {
						CreatedOnToolsVersion = 9.0;
						ProvisioningStyle = Automatic;
					};
					F312FABB1FAD356400CE033F = {
						CreatedOnToolsVersion = 9.0;
						ProvisioningStyle = Automatic;
						TestTargetID = F312FAA31FAD356300CE033F;
					};
					F312FAC61FAD356400CE033F = {
						CreatedOnToolsVersion = 9.0;
						ProvisioningStyle = Automatic;
						TestTargetID = F312FAA31FAD356300CE033F;
					};
				};
			};
			buildConfigurationList = F312FA9F1FAD356300CE033F /* Build configuration list for PBXProject "PersonalCapitalRSSFeed" */;
			compatibilityVersion = "Xcode 8.0";
			developmentRegion = en;
			hasScannedForEncodings = 0;
			knownRegions = (
				en,
				Base,
			);
			mainGroup = F312FA9B1FAD356300CE033F;
			productRefGroup = F312FAA51FAD356300CE033F /* Products */;
			projectDirPath = "";
			projectRoot = "";
			targets = (
				F312FAA31FAD356300CE033F /* PersonalCapitalRSSFeed */,
				F312FABB1FAD356400CE033F /* PersonalCapitalRSSFeedTests */,
				F312FAC61FAD356400CE033F /* PersonalCapitalRSSFeedUITests */,
			);
		};
/* End PBXProject section */

/* Begin PBXResourcesBuildPhase section */
		F312FAA21FAD356300CE033F /* Resources */ = {
			isa = PBXResourcesBuildPhase;
			buildActionMask = 2147483647;
			files = (
				F312FAB41FAD356300CE033F /* LaunchScreen.storyboard in Resources */,
				F3EE879E1FB25D160082D4AB /* Localizable.strings in Resources */,
				F312FAB11FAD356300CE033F /* Assets.xcassets in Resources */,
				F312FAAF1FAD356300CE033F /* Main.storyboard in Resources */,
			);
			runOnlyForDeploymentPostprocessing = 0;
		};
		F312FABA1FAD356400CE033F /* Resources */ = {
			isa = PBXResourcesBuildPhase;
			buildActionMask = 2147483647;
			files = (
			);
			runOnlyForDeploymentPostprocessing = 0;
		};
		F312FAC51FAD356400CE033F /* Resources */ = {
			isa = PBXResourcesBuildPhase;
			buildActionMask = 2147483647;
			files = (
			);
			runOnlyForDeploymentPostprocessing = 0;
		};
/* End PBXResourcesBuildPhase section */

/* Begin PBXSourcesBuildPhase section */
		F312FAA01FAD356300CE033F /* Sources */ = {
			isa = PBXSourcesBuildPhase;
			buildActionMask = 2147483647;
			files = (
				F312FADE1FAD36E500CE033F /* Article.m in Sources */,
				F312FADB1FAD361C00CE033F /* RSSFeedDataManager.m in Sources */,
				F312FAE41FAE375000CE033F /* ArticleDetailsViewController.m in Sources */,
				F312FAAC1FAD356300CE033F /* MainViewController.m in Sources */,
				F312FAB71FAD356300CE033F /* main.m in Sources */,
				F312FAA91FAD356300CE033F /* AppDelegate.m in Sources */,
				F312FAE11FAD4EE100CE033F /* ArticleCollectionViewCell.m in Sources */,
				F30286E51FB144E100F8B2ED /* ActivityIndicatorFactory.m in Sources */,
			);
			runOnlyForDeploymentPostprocessing = 0;
		};
		F312FAB81FAD356400CE033F /* Sources */ = {
			isa = PBXSourcesBuildPhase;
			buildActionMask = 2147483647;
			files = (
				F312FAC11FAD356400CE033F /* PersonalCapitalRSSFeedTests.m in Sources */,
			);
			runOnlyForDeploymentPostprocessing = 0;
		};
		F312FAC31FAD356400CE033F /* Sources */ = {
			isa = PBXSourcesBuildPhase;
			buildActionMask = 2147483647;
			files = (
				F312FACC1FAD356400CE033F /* PersonalCapitalRSSFeedUITests.m in Sources */,
			);
			runOnlyForDeploymentPostprocessing = 0;
		};
/* End PBXSourcesBuildPhase section */

/* Begin PBXTargetDependency section */
		F312FABE1FAD356400CE033F /* PBXTargetDependency */ = {
			isa = PBXTargetDependency;
			target = F312FAA31FAD356300CE033F /* PersonalCapitalRSSFeed */;
			targetProxy = F312FABD1FAD356400CE033F /* PBXContainerItemProxy */;
		};
		F312FAC91FAD356400CE033F /* PBXTargetDependency */ = {
			isa = PBXTargetDependency;
			target = F312FAA31FAD356300CE033F /* PersonalCapitalRSSFeed */;
			targetProxy = F312FAC81FAD356400CE033F /* PBXContainerItemProxy */;
		};
/* End PBXTargetDependency section */

/* Begin PBXVariantGroup section */
		F312FAAD1FAD356300CE033F /* Main.storyboard */ = {
			isa = PBXVariantGroup;
			children = (
				F312FAAE1FAD356300CE033F /* Base */,
			);
			name = Main.storyboard;
			sourceTree = "<group>";
		};
		F312FAB21FAD356300CE033F /* LaunchScreen.storyboard */ = {
			isa = PBXVariantGroup;
			children = (
				F312FAB31FAD356300CE033F /* Base */,
			);
			name = LaunchScreen.storyboard;
			sourceTree = "<group>";
		};
/* End PBXVariantGroup section */

/* Begin XCBuildConfiguration section */
		F312FACE1FAD356400CE033F /* Debug */ = {
			isa = XCBuildConfiguration;
			buildSettings = {
				ALWAYS_SEARCH_USER_PATHS = NO;
				CLANG_ANALYZER_NONNULL = YES;
				CLANG_ANALYZER_NUMBER_OBJECT_CONVERSION = YES_AGGRESSIVE;
				CLANG_CXX_LANGUAGE_STANDARD = "gnu++14";
				CLANG_CXX_LIBRARY = "libc++";
				CLANG_ENABLE_MODULES = YES;
				CLANG_ENABLE_OBJC_ARC = YES;
				CLANG_WARN_BLOCK_CAPTURE_AUTORELEASING = YES;
				CLANG_WARN_BOOL_CONVERSION = YES;
				CLANG_WARN_COMMA = YES;
				CLANG_WARN_CONSTANT_CONVERSION = YES;
				CLANG_WARN_DIRECT_OBJC_ISA_USAGE = YES_ERROR;
				CLANG_WARN_DOCUMENTATION_COMMENTS = YES;
				CLANG_WARN_EMPTY_BODY = YES;
				CLANG_WARN_ENUM_CONVERSION = YES;
				CLANG_WARN_INFINITE_RECURSION = YES;
				CLANG_WARN_INT_CONVERSION = YES;
				CLANG_WARN_NON_LITERAL_NULL_CONVERSION = YES;
				CLANG_WARN_OBJC_LITERAL_CONVERSION = YES;
				CLANG_WARN_OBJC_ROOT_CLASS = YES_ERROR;
				CLANG_WARN_RANGE_LOOP_ANALYSIS = YES;
				CLANG_WARN_STRICT_PROTOTYPES = YES;
				CLANG_WARN_SUSPICIOUS_MOVE = YES;
				CLANG_WARN_UNGUARDED_AVAILABILITY = YES_AGGRESSIVE;
				CLANG_WARN_UNREACHABLE_CODE = YES;
				CLANG_WARN__DUPLICATE_METHOD_MATCH = YES;
				CODE_SIGN_IDENTITY = "iPhone Developer";
				COPY_PHASE_STRIP = NO;
				DEBUG_INFORMATION_FORMAT = dwarf;
				ENABLE_STRICT_OBJC_MSGSEND = YES;
				ENABLE_TESTABILITY = YES;
				GCC_C_LANGUAGE_STANDARD = gnu11;
				GCC_DYNAMIC_NO_PIC = NO;
				GCC_NO_COMMON_BLOCKS = YES;
				GCC_OPTIMIZATION_LEVEL = 0;
				GCC_PREPROCESSOR_DEFINITIONS = (
					"DEBUG=1",
					"$(inherited)",
				);
				GCC_WARN_64_TO_32_BIT_CONVERSION = YES;
				GCC_WARN_ABOUT_RETURN_TYPE = YES_ERROR;
				GCC_WARN_UNDECLARED_SELECTOR = YES;
				GCC_WARN_UNINITIALIZED_AUTOS = YES_AGGRESSIVE;
				GCC_WARN_UNUSED_FUNCTION = YES;
				GCC_WARN_UNUSED_VARIABLE = YES;
				IPHONEOS_DEPLOYMENT_TARGET = 11.0;
				MTL_ENABLE_DEBUG_INFO = YES;
				ONLY_ACTIVE_ARCH = YES;
				SDKROOT = iphoneos;
			};
			name = Debug;
		};
		F312FACF1FAD356400CE033F /* Release */ = {
			isa = XCBuildConfiguration;
			buildSettings = {
				ALWAYS_SEARCH_USER_PATHS = NO;
				CLANG_ANALYZER_NONNULL = YES;
				CLANG_ANALYZER_NUMBER_OBJECT_CONVERSION = YES_AGGRESSIVE;
				CLANG_CXX_LANGUAGE_STANDARD = "gnu++14";
				CLANG_CXX_LIBRARY = "libc++";
				CLANG_ENABLE_MODULES = YES;
				CLANG_ENABLE_OBJC_ARC = YES;
				CLANG_WARN_BLOCK_CAPTURE_AUTORELEASING = YES;
				CLANG_WARN_BOOL_CONVERSION = YES;
				CLANG_WARN_COMMA = YES;
				CLANG_WARN_CONSTANT_CONVERSION = YES;
				CLANG_WARN_DIRECT_OBJC_ISA_USAGE = YES_ERROR;
				CLANG_WARN_DOCUMENTATION_COMMENTS = YES;
				CLANG_WARN_EMPTY_BODY = YES;
				CLANG_WARN_ENUM_CONVERSION = YES;
				CLANG_WARN_INFINITE_RECURSION = YES;
				CLANG_WARN_INT_CONVERSION = YES;
				CLANG_WARN_NON_LITERAL_NULL_CONVERSION = YES;
				CLANG_WARN_OBJC_LITERAL_CONVERSION = YES;
				CLANG_WARN_OBJC_ROOT_CLASS = YES_ERROR;
				CLANG_WARN_RANGE_LOOP_ANALYSIS = YES;
				CLANG_WARN_STRICT_PROTOTYPES = YES;
				CLANG_WARN_SUSPICIOUS_MOVE = YES;
				CLANG_WARN_UNGUARDED_AVAILABILITY = YES_AGGRESSIVE;
				CLANG_WARN_UNREACHABLE_CODE = YES;
				CLANG_WARN__DUPLICATE_METHOD_MATCH = YES;
				CODE_SIGN_IDENTITY = "iPhone Developer";
				COPY_PHASE_STRIP = NO;
				DEBUG_INFORMATION_FORMAT = "dwarf-with-dsym";
				ENABLE_NS_ASSERTIONS = NO;
				ENABLE_STRICT_OBJC_MSGSEND = YES;
				GCC_C_LANGUAGE_STANDARD = gnu11;
				GCC_NO_COMMON_BLOCKS = YES;
				GCC_WARN_64_TO_32_BIT_CONVERSION = YES;
				GCC_WARN_ABOUT_RETURN_TYPE = YES_ERROR;
				GCC_WARN_UNDECLARED_SELECTOR = YES;
				GCC_WARN_UNINITIALIZED_AUTOS = YES_AGGRESSIVE;
				GCC_WARN_UNUSED_FUNCTION = YES;
				GCC_WARN_UNUSED_VARIABLE = YES;
				IPHONEOS_DEPLOYMENT_TARGET = 11.0;
				MTL_ENABLE_DEBUG_INFO = NO;
				SDKROOT = iphoneos;
				VALIDATE_PRODUCT = YES;
			};
			name = Release;
		};
		F312FAD11FAD356400CE033F /* Debug */ = {
			isa = XCBuildConfiguration;
			buildSettings = {
				ASSETCATALOG_COMPILER_APPICON_NAME = AppIcon;
				CODE_SIGN_STYLE = Automatic;
				INFOPLIST_FILE = PersonalCapitalRSSFeed/Info.plist;
				LD_RUNPATH_SEARCH_PATHS = "$(inherited) @executable_path/Frameworks";
				PRODUCT_BUNDLE_IDENTIFIER = com.shishira.PersonalCapitalRSSFeed;
				PRODUCT_NAME = "$(TARGET_NAME)";
				TARGETED_DEVICE_FAMILY = "1,2";
			};
			name = Debug;
		};
		F312FAD21FAD356400CE033F /* Release */ = {
			isa = XCBuildConfiguration;
			buildSettings = {
				ASSETCATALOG_COMPILER_APPICON_NAME = AppIcon;
				CODE_SIGN_STYLE = Automatic;
				INFOPLIST_FILE = PersonalCapitalRSSFeed/Info.plist;
				LD_RUNPATH_SEARCH_PATHS = "$(inherited) @executable_path/Frameworks";
				PRODUCT_BUNDLE_IDENTIFIER = com.shishira.PersonalCapitalRSSFeed;
				PRODUCT_NAME = "$(TARGET_NAME)";
				TARGETED_DEVICE_FAMILY = "1,2";
			};
			name = Release;
		};
		F312FAD41FAD356400CE033F /* Debug */ = {
			isa = XCBuildConfiguration;
			buildSettings = {
				BUNDLE_LOADER = "$(TEST_HOST)";
				CODE_SIGN_STYLE = Automatic;
				INFOPLIST_FILE = PersonalCapitalRSSFeedTests/Info.plist;
				LD_RUNPATH_SEARCH_PATHS = "$(inherited) @executable_path/Frameworks @loader_path/Frameworks";
				PRODUCT_BUNDLE_IDENTIFIER = com.shishira.PersonalCapitalRSSFeedTests;
				PRODUCT_NAME = "$(TARGET_NAME)";
				TARGETED_DEVICE_FAMILY = "1,2";
				TEST_HOST = "$(BUILT_PRODUCTS_DIR)/PersonalCapitalRSSFeed.app/PersonalCapitalRSSFeed";
			};
			name = Debug;
		};
		F312FAD51FAD356400CE033F /* Release */ = {
			isa = XCBuildConfiguration;
			buildSettings = {
				BUNDLE_LOADER = "$(TEST_HOST)";
				CODE_SIGN_STYLE = Automatic;
				INFOPLIST_FILE = PersonalCapitalRSSFeedTests/Info.plist;
				LD_RUNPATH_SEARCH_PATHS = "$(inherited) @executable_path/Frameworks @loader_path/Frameworks";
				PRODUCT_BUNDLE_IDENTIFIER = com.shishira.PersonalCapitalRSSFeedTests;
				PRODUCT_NAME = "$(TARGET_NAME)";
				TARGETED_DEVICE_FAMILY = "1,2";
				TEST_HOST = "$(BUILT_PRODUCTS_DIR)/PersonalCapitalRSSFeed.app/PersonalCapitalRSSFeed";
			};
			name = Release;
		};
		F312FAD71FAD356400CE033F /* Debug */ = {
			isa = XCBuildConfiguration;
			buildSettings = {
				CODE_SIGN_STYLE = Automatic;
				INFOPLIST_FILE = PersonalCapitalRSSFeedUITests/Info.plist;
				LD_RUNPATH_SEARCH_PATHS = "$(inherited) @executable_path/Frameworks @loader_path/Frameworks";
				PRODUCT_BUNDLE_IDENTIFIER = com.shishira.PersonalCapitalRSSFeedUITests;
				PRODUCT_NAME = "$(TARGET_NAME)";
				TARGETED_DEVICE_FAMILY = "1,2";
				TEST_TARGET_NAME = PersonalCapitalRSSFeed;
			};
			name = Debug;
		};
		F312FAD81FAD356400CE033F /* Release */ = {
			isa = XCBuildConfiguration;
			buildSettings = {
				CODE_SIGN_STYLE = Automatic;
				INFOPLIST_FILE = PersonalCapitalRSSFeedUITests/Info.plist;
				LD_RUNPATH_SEARCH_PATHS = "$(inherited) @executable_path/Frameworks @loader_path/Frameworks";
				PRODUCT_BUNDLE_IDENTIFIER = com.shishira.PersonalCapitalRSSFeedUITests;
				PRODUCT_NAME = "$(TARGET_NAME)";
				TARGETED_DEVICE_FAMILY = "1,2";
				TEST_TARGET_NAME = PersonalCapitalRSSFeed;
			};
			name = Release;
		};
/* End XCBuildConfiguration section */

/* Begin XCConfigurationList section */
		F312FA9F1FAD356300CE033F /* Build configuration list for PBXProject "PersonalCapitalRSSFeed" */ = {
			isa = XCConfigurationList;
			buildConfigurations = (
				F312FACE1FAD356400CE033F /* Debug */,
				F312FACF1FAD356400CE033F /* Release */,
			);
			defaultConfigurationIsVisible = 0;
			defaultConfigurationName = Release;
		};
		F312FAD01FAD356400CE033F /* Build configuration list for PBXNativeTarget "PersonalCapitalRSSFeed" */ = {
			isa = XCConfigurationList;
			buildConfigurations = (
				F312FAD11FAD356400CE033F /* Debug */,
				F312FAD21FAD356400CE033F /* Release */,
			);
			defaultConfigurationIsVisible = 0;
			defaultConfigurationName = Release;
		};
		F312FAD31FAD356400CE033F /* Build configuration list for PBXNativeTarget "PersonalCapitalRSSFeedTests" */ = {
			isa = XCConfigurationList;
			buildConfigurations = (
				F312FAD41FAD356400CE033F /* Debug */,
				F312FAD51FAD356400CE033F /* Release */,
			);
			defaultConfigurationIsVisible = 0;
			defaultConfigurationName = Release;
		};
		F312FAD61FAD356400CE033F /* Build configuration list for PBXNativeTarget "PersonalCapitalRSSFeedUITests" */ = {
			isa = XCConfigurationList;
			buildConfigurations = (
				F312FAD71FAD356400CE033F /* Debug */,
				F312FAD81FAD356400CE033F /* Release */,
			);
			defaultConfigurationIsVisible = 0;
			defaultConfigurationName = Release;
		};
/* End XCConfigurationList section */
	};
	rootObject = F312FA9C1FAD356300CE033F /* Project object */;
}
